
Microsoft Visual Studio Solution File, Format Version 12.00
# Visual Studio Version 16
VisualStudioVersion = 16.0.30717.126
MinimumVisualStudioVersion = 10.0.40219.1
Project("{FAE04EC0-301F-11D3-BF4B-00C04F79EFBC}") = "cWashTestApp", "cWashTestApp\cWashTestApp.csproj", "{8C0A3652-9A60-4384-B756-D36D06EF3999}"
EndProject
Global
	GlobalSection(SolutionConfigurationPlatforms) = preSolution
		Debug|Any CPU = Debug|Any CPU
		Release|Any CPU = Release|Any CPU
	EndGlobalSection
	GlobalSection(ProjectConfigurationPlatforms) = postSolution
		{8C0A3652-9A60-4384-B756-D36D06EF3999}.Debug|Any CPU.ActiveCfg = Debug|Any CPU
		{8C0A3652-9A60-4384-B756-D36D06EF3999}.Debug|Any CPU.Build.0 = Debug|Any CPU
		{8C0A3652-9A60-4384-B756-D36D06EF3999}.Release|Any CPU.ActiveCfg = Release|Any CPU
		{8C0A3652-9A60-4384-B756-D36D06EF3999}.Release|Any CPU.Build.0 = Release|Any CPU
	EndGlobalSection
	GlobalSection(SolutionProperties) = preSolution
		HideSolutionNode = FALSE
	EndGlobalSection
	GlobalSection(ExtensibilityGlobals) = postSolution
		SolutionGuid = {20BA3A9B-D88C-4D2F-9BCD-710746EF2D34}
	EndGlobalSection
EndGlobal
